{
  "name": "fengji-cycling",
  "version": "0.1.0",
  "lockfileVersion": 3,
  "requires": true,
  "packages": {
    "": {
      "name": "fengji-cycling",
      "version": "0.1.0",
      "engines": {
        "node": ">=24",
        "npm": ">=11"
      }
    },
    "apps/api": {
      "name": "@fengji/api",
      "version": "0.1.0",
      "extraneous": true,
      "dependencies": {
        "@nestjs/common": "^11.1.6",
        "@nestjs/core": "^11.1.6",
        "@nestjs/platform-fastify": "^11.1.6",
        "fastify": "^5.6.0",
        "jose": "^6.1.0",
        "pg": "^8.22.0",
        "reflect-metadata": "^0.2.2",
        "rxjs": "^7.8.2",
        "zod": "^4.1.5"
      },
      "devDependencies": {
        "@types/node": "^24.3.0",
        "@types/pg": "^8.20.4",
        "tsx": "^4.20.5",
        "typescript": "^5.9.2"
      },
      "engines": {
        "node": ">=24"
      }
    },
    "apps/mini-program": {
      "name": "ride-event-mini-program",
      "version": "0.1.0",
      "extraneous": true,
      "devDependencies": {
        "@types/node": "^24.0.0",
        "miniprogram-api-typings": "^4.0.5",
        "tsx": "^4.20.3",
        "typescript": "^5.9.2"
      }
    }
  }
}
